
Microsoft Visual Studio Solution File, Format Version 11.00
# Visual Studio 2010
Project("{FAE04EC0-301F-11D3-BF4B-00C04F79EFBC}") = "Our.Umbraco.Tree.UserControls", "Our.Umbraco.Tree.UserControls\Our.Umbraco.Tree.UserControls.csproj", "{7FD57B45-1A31-43F2-A170-5A65E1B60156}"
EndProject
Project("{2150E333-8FDC-42A3-9474-1A3956D46DE8}") = "Solution Items", "Solution Items", "{801CFDB4-5741-4B96-AC00-0368E6F763CE}"
EndProject
Project("{2150E333-8FDC-42A3-9474-1A3956D46DE8}") = "Build Package", "Build Package", "{C254F1D0-846B-4E64-AC7A-789E7CC8D9E8}"
	ProjectSection(SolutionItems) = preProject
		_build\BuildPackage.cmd = _build\BuildPackage.cmd
		_build\BuildPackage.msbuild = _build\BuildPackage.msbuild
		_build\package.xml = _build\package.xml
		_build\readme.txt = _build\readme.txt
	EndProjectSection
EndProject
Project("{2150E333-8FDC-42A3-9474-1A3956D46DE8}") = "Umbraco Assemblies", "Umbraco Assemblies", "{828B66CF-AC79-4F47-96F1-8628503AC996}"
	ProjectSection(SolutionItems) = preProject
		_externals\businesslogic.dll = _externals\businesslogic.dll
		_externals\ClientDependency.Core.dll = _externals\ClientDependency.Core.dll
		_externals\cms.dll = _externals\cms.dll
		_externals\controls.dll = _externals\controls.dll
		_externals\interfaces.dll = _externals\interfaces.dll
		_externals\umbraco.dll = _externals\umbraco.dll
	EndProjectSection
EndProject
Global
	GlobalSection(SolutionConfigurationPlatforms) = preSolution
		Debug|Any CPU = Debug|Any CPU
		Release|Any CPU = Release|Any CPU
	EndGlobalSection
	GlobalSection(ProjectConfigurationPlatforms) = postSolution
		{7FD57B45-1A31-43F2-A170-5A65E1B60156}.Debug|Any CPU.ActiveCfg = Debug|Any CPU
		{7FD57B45-1A31-43F2-A170-5A65E1B60156}.Debug|Any CPU.Build.0 = Debug|Any CPU
		{7FD57B45-1A31-43F2-A170-5A65E1B60156}.Release|Any CPU.ActiveCfg = Release|Any CPU
		{7FD57B45-1A31-43F2-A170-5A65E1B60156}.Release|Any CPU.Build.0 = Release|Any CPU
	EndGlobalSection
	GlobalSection(SolutionProperties) = preSolution
		HideSolutionNode = FALSE
	EndGlobalSection
	GlobalSection(NestedProjects) = preSolution
		{C254F1D0-846B-4E64-AC7A-789E7CC8D9E8} = {801CFDB4-5741-4B96-AC00-0368E6F763CE}
		{828B66CF-AC79-4F47-96F1-8628503AC996} = {801CFDB4-5741-4B96-AC00-0368E6F763CE}
	EndGlobalSection
EndGlobal
